// !$*UTF8*$!
{
	archiveVersion = 1;
	classes = {
	};
	objectVersion = 51;
	objects = {

/* Begin PBXBuildFile section */
		272043D224247DD90024AE31 /* AppDelegate.swift in Sources */ = {isa = PBXBuildFile; fileRef = 272043D124247DD90024AE31 /* AppDelegate.swift */; };
		272043D724247DD90024AE31 /* Main.storyboard in Resources */ = {isa = PBXBuildFile; fileRef = 272043D524247DD90024AE31 /* Main.storyboard */; };
		272043D924247DDC0024AE31 /* Assets.xcassets in Resources */ = {isa = PBXBuildFile; fileRef = 272043D824247DDC0024AE31 /* Assets.xcassets */; };
		272043DC24247DDC0024AE31 /* LaunchScreen.storyboard in Resources */ = {isa = PBXBuildFile; fileRef = 272043DA24247DDC0024AE31 /* LaunchScreen.storyboard */; };
		272043E724247DDC0024AE31 /* Instagram_Like_AppTests.swift in Sources */ = {isa = PBXBuildFile; fileRef = 272043E624247DDC0024AE31 /* Instagram_Like_AppTests.swift */; };
		272043F224247DDC0024AE31 /* Instagram_Like_AppUITests.swift in Sources */ = {isa = PBXBuildFile; fileRef = 272043F124247DDC0024AE31 /* Instagram_Like_AppUITests.swift */; };
		2720440024248AE40024AE31 /* LoginViewController.swift in Sources */ = {isa = PBXBuildFile; fileRef = 272043FF24248AE40024AE31 /* LoginViewController.swift */; };
		2720440224248AED0024AE31 /* FeedViewController.swift in Sources */ = {isa = PBXBuildFile; fileRef = 2720440124248AED0024AE31 /* FeedViewController.swift */; };
		2720440424248FA20024AE31 /* UploadViewController.swift in Sources */ = {isa = PBXBuildFile; fileRef = 2720440324248FA20024AE31 /* UploadViewController.swift */; };
		272044062424970A0024AE31 /* PostTableViewCell.swift in Sources */ = {isa = PBXBuildFile; fileRef = 272044052424970A0024AE31 /* PostTableViewCell.swift */; };
		B9ED7AB06CB5662FE62CCC93 /* Pods_Instagram_Like_AppTests.framework in Frameworks */ = {isa = PBXBuildFile; fileRef = 07FDFF62D9BDBF2D8BB73688 /* Pods_Instagram_Like_AppTests.framework */; };
		C0D8D7183492F787C1BBC8C9 /* Pods_Instagram_Like_App.framework in Frameworks */ = {isa = PBXBuildFile; fileRef = 38AD646D6615AE26821EA1A2 /* Pods_Instagram_Like_App.framework */; };
		C9845F0F4D80B5879DAEA479 /* Pods_Instagram_Like_App_Instagram_Like_AppUITests.framework in Frameworks */ = {isa = PBXBuildFile; fileRef = EFC5F776B85A46A4BA31D962 /* Pods_Instagram_Like_App_Instagram_Like_AppUITests.framework */; };
/* End PBXBuildFile section */

/* Begin PBXContainerItemProxy section */
		272043E324247DDC0024AE31 /* PBXContainerItemProxy */ = {
			isa = PBXContainerItemProxy;
			containerPortal = 272043C624247DD90024AE31 /* Project object */;
			proxyType = 1;
			remoteGlobalIDString = 272043CD24247DD90024AE31;
			remoteInfo = "Instagram Like App";
		};
		272043EE24247DDC0024AE31 /* PBXContainerItemProxy */ = {
			isa = PBXContainerItemProxy;
			containerPortal = 272043C624247DD90024AE31 /* Project object */;
			proxyType = 1;
			remoteGlobalIDString = 272043CD24247DD90024AE31;
			remoteInfo = "Instagram Like App";
		};
/* End PBXContainerItemProxy section */

/* Begin PBXFileReference section */
		014CBBF10886141BDE0E7FB7 /* Pods-Instagram Like App-Instagram Like AppUITests.debug.xcconfig */ = {isa = PBXFileReference; includeInIndex = 1; lastKnownFileType = text.xcconfig; name = "Pods-Instagram Like App-Instagram Like AppUITests.debug.xcconfig"; path = "Target Support Files/Pods-Instagram Like App-Instagram Like AppUITests/Pods-Instagram Like App-Instagram Like AppUITests.debug.xcconfig"; sourceTree = "<group>"; };
		07B8EB0B1D4C7A3426640AD0 /* Pods-Instagram Like AppTests.debug.xcconfig */ = {isa = PBXFileReference; includeInIndex = 1; lastKnownFileType = text.xcconfig; name = "Pods-Instagram Like AppTests.debug.xcconfig"; path = "Target Support Files/Pods-Instagram Like AppTests/Pods-Instagram Like AppTests.debug.xcconfig"; sourceTree = "<group>"; };
		07FDFF62D9BDBF2D8BB73688 /* Pods_Instagram_Like_AppTests.framework */ = {isa = PBXFileReference; explicitFileType = wrapper.framework; includeInIndex = 0; path = Pods_Instagram_Like_AppTests.framework; sourceTree = BUILT_PRODUCTS_DIR; };
		272043CE24247DD90024AE31 /* Instagram Like App.app */ = {isa = PBXFileReference; explicitFileType = wrapper.application; includeInIndex = 0; path = "Instagram Like App.app"; sourceTree = BUILT_PRODUCTS_DIR; };
		272043D124247DD90024AE31 /* AppDelegate.swift */ = {isa = PBXFileReference; lastKnownFileType = sourcecode.swift; path = AppDelegate.swift; sourceTree = "<group>"; };
		272043D624247DD90024AE31 /* Base */ = {isa = PBXFileReference; lastKnownFileType = file.storyboard; name = Base; path = Base.lproj/Main.storyboard; sourceTree = "<group>"; };
		272043D824247DDC0024AE31 /* Assets.xcassets */ = {isa = PBXFileReference; lastKnownFileType = folder.assetcatalog; path = Assets.xcassets; sourceTree = "<group>"; };
		272043DB24247DDC0024AE31 /* Base */ = {isa = PBXFileReference; lastKnownFileType = file.storyboard; name = Base; path = Base.lproj/LaunchScreen.storyboard; sourceTree = "<group>"; };
		272043DD24247DDC0024AE31 /* Info.plist */ = {isa = PBXFileReference; lastKnownFileType = text.plist.xml; path = Info.plist; sourceTree = "<group>"; };
		272043E224247DDC0024AE31 /* Instagram Like AppTests.xctest */ = {isa = PBXFileReference; explicitFileType = wrapper.cfbundle; includeInIndex = 0; path = "Instagram Like AppTests.xctest"; sourceTree = BUILT_PRODUCTS_DIR; };
		272043E624247DDC0024AE31 /* Instagram_Like_AppTests.swift */ = {isa = PBXFileReference; lastKnownFileType = sourcecode.swift; path = Instagram_Like_AppTests.swift; sourceTree = "<group>"; };
		272043E824247DDC0024AE31 /* Info.plist */ = {isa = PBXFileReference; lastKnownFileType = text.plist.xml; path = Info.plist; sourceTree = "<group>"; };
		272043ED24247DDC0024AE31 /* Instagram Like AppUITests.xctest */ = {isa = PBXFileReference; explicitFileType = wrapper.cfbundle; includeInIndex = 0; path = "Instagram Like AppUITests.xctest"; sourceTree = BUILT_PRODUCTS_DIR; };
		272043F124247DDC0024AE31 /* Instagram_Like_AppUITests.swift */ = {isa = PBXFileReference; lastKnownFileType = sourcecode.swift; path = Instagram_Like_AppUITests.swift; sourceTree = "<group>"; };
		272043F324247DDC0024AE31 /* Info.plist */ = {isa = PBXFileReference; lastKnownFileType = text.plist.xml; path = Info.plist; sourceTree = "<group>"; };
		272043FF24248AE40024AE31 /* LoginViewController.swift */ = {isa = PBXFileReference; lastKnownFileType = sourcecode.swift; path = LoginViewController.swift; sourceTree = "<group>"; };
		2720440124248AED0024AE31 /* FeedViewController.swift */ = {isa = PBXFileReference; lastKnownFileType = sourcecode.swift; path = FeedViewController.swift; sourceTree = "<group>"; };
		2720440324248FA20024AE31 /* UploadViewController.swift */ = {isa = PBXFileReference; lastKnownFileType = sourcecode.swift; path = UploadViewController.swift; sourceTree = "<group>"; };
		272044052424970A0024AE31 /* PostTableViewCell.swift */ = {isa = PBXFileReference; lastKnownFileType = sourcecode.swift; path = PostTableViewCell.swift; sourceTree = "<group>"; };
		38AD646D6615AE26821EA1A2 /* Pods_Instagram_Like_App.framework */ = {isa = PBXFileReference; explicitFileType = wrapper.framework; includeInIndex = 0; path = Pods_Instagram_Like_App.framework; sourceTree = BUILT_PRODUCTS_DIR; };
		7D2D78ECC66507154318EFB3 /* Pods-Instagram Like App.debug.xcconfig */ = {isa = PBXFileReference; includeInIndex = 1; lastKnownFileType = text.xcconfig; name = "Pods-Instagram Like App.debug.xcconfig"; path = "Target Support Files/Pods-Instagram Like App/Pods-Instagram Like App.debug.xcconfig"; sourceTree = "<group>"; };
		808E0CA361DF9F23098B223B /* Pods-Instagram Like App-Instagram Like AppUITests.release.xcconfig */ = {isa = PBXFileReference; includeInIndex = 1; lastKnownFileType = text.xcconfig; name = "Pods-Instagram Like App-Instagram Like AppUITests.release.xcconfig"; path = "Target Support Files/Pods-Instagram Like App-Instagram Like AppUITests/Pods-Instagram Like App-Instagram Like AppUITests.release.xcconfig"; sourceTree = "<group>"; };
		D4068BA0EF93E6704C283F1B /* Pods-Instagram Like App.release.xcconfig */ = {isa = PBXFileReference; includeInIndex = 1; lastKnownFileType = text.xcconfig; name = "Pods-Instagram Like App.release.xcconfig"; path = "Target Support Files/Pods-Instagram Like App/Pods-Instagram Like App.release.xcconfig"; sourceTree = "<group>"; };
		EBC198AFB5843B9BB16189B1 /* Pods-Instagram Like AppTests.release.xcconfig */ = {isa = PBXFileReference; includeInIndex = 1; lastKnownFileType = text.xcconfig; name = "Pods-Instagram Like AppTests.release.xcconfig"; path = "Target Support Files/Pods-Instagram Like AppTests/Pods-Instagram Like AppTests.release.xcconfig"; sourceTree = "<group>"; };
		EFC5F776B85A46A4BA31D962 /* Pods_Instagram_Like_App_Instagram_Like_AppUITests.framework */ = {isa = PBXFileReference; explicitFileType = wrapper.framework; includeInIndex = 0; path = Pods_Instagram_Like_App_Instagram_Like_AppUITests.framework; sourceTree = BUILT_PRODUCTS_DIR; };
/* End PBXFileReference section */

/* Begin PBXFrameworksBuildPhase section */
		272043CB24247DD90024AE31 /* Frameworks */ = {
			isa = PBXFrameworksBuildPhase;
			buildActionMask = 2147483647;
			files = (
				C0D8D7183492F787C1BBC8C9 /* Pods_Instagram_Like_App.framework in Frameworks */,
			);
			runOnlyForDeploymentPostprocessing = 0;
		};
		272043DF24247DDC0024AE31 /* Frameworks */ = {
			isa = PBXFrameworksBuildPhase;
			buildActionMask = 2147483647;
			files = (
				B9ED7AB06CB5662FE62CCC93 /* Pods_Instagram_Like_AppTests.framework in Frameworks */,
			);
			runOnlyForDeploymentPostprocessing = 0;
		};
		272043EA24247DDC0024AE31 /* Frameworks */ = {
			isa = PBXFrameworksBuildPhase;
			buildActionMask = 2147483647;
			files = (
				C9845F0F4D80B5879DAEA479 /* Pods_Instagram_Like_App_Instagram_Like_AppUITests.framework in Frameworks */,
			);
			runOnlyForDeploymentPostprocessing = 0;
		};
/* End PBXFrameworksBuildPhase section */

/* Begin PBXGroup section */
		272043C524247DD90024AE31 = {
			isa = PBXGroup;
			children = (
				272043D024247DD90024AE31 /* Instagram Like App */,
				272043E524247DDC0024AE31 /* Instagram Like AppTests */,
				272043F024247DDC0024AE31 /* Instagram Like AppUITests */,
				272043CF24247DD90024AE31 /* Products */,
				F3C8F24F4A27CDCA51EE79FA /* Pods */,
				C70C67A293DD6AF1640A1AAB /* Frameworks */,
			);
			sourceTree = "<group>";
		};
		272043CF24247DD90024AE31 /* Products */ = {
			isa = PBXGroup;
			children = (
				272043CE24247DD90024AE31 /* Instagram Like App.app */,
				272043E224247DDC0024AE31 /* Instagram Like AppTests.xctest */,
				272043ED24247DDC0024AE31 /* Instagram Like AppUITests.xctest */,
			);
			name = Products;
			sourceTree = "<group>";
		};
		272043D024247DD90024AE31 /* Instagram Like App */ = {
			isa = PBXGroup;
			children = (
				272043D124247DD90024AE31 /* AppDelegate.swift */,
				272043FF24248AE40024AE31 /* LoginViewController.swift */,
				2720440324248FA20024AE31 /* UploadViewController.swift */,
				2720440124248AED0024AE31 /* FeedViewController.swift */,
				272044052424970A0024AE31 /* PostTableViewCell.swift */,
				272043D524247DD90024AE31 /* Main.storyboard */,
				272043D824247DDC0024AE31 /* Assets.xcassets */,
				272043DA24247DDC0024AE31 /* LaunchScreen.storyboard */,
				272043DD24247DDC0024AE31 /* Info.plist */,
			);
			path = "Instagram Like App";
			sourceTree = "<group>";
		};
		272043E524247DDC0024AE31 /* Instagram Like AppTests */ = {
			isa = PBXGroup;
			children = (
				272043E624247DDC0024AE31 /* Instagram_Like_AppTests.swift */,
				272043E824247DDC0024AE31 /* Info.plist */,
			);
			path = "Instagram Like AppTests";
			sourceTree = "<group>";
		};
		272043F024247DDC0024AE31 /* Instagram Like AppUITests */ = {
			isa = PBXGroup;
			children = (
				272043F124247DDC0024AE31 /* Instagram_Like_AppUITests.swift */,
				272043F324247DDC0024AE31 /* Info.plist */,
			);
			path = "Instagram Like AppUITests";
			sourceTree = "<group>";
		};
		C70C67A293DD6AF1640A1AAB /* Frameworks */ = {
			isa = PBXGroup;
			children = (
				38AD646D6615AE26821EA1A2 /* Pods_Instagram_Like_App.framework */,
				EFC5F776B85A46A4BA31D962 /* Pods_Instagram_Like_App_Instagram_Like_AppUITests.framework */,
				07FDFF62D9BDBF2D8BB73688 /* Pods_Instagram_Like_AppTests.framework */,
			);
			name = Frameworks;
			sourceTree = "<group>";
		};
		F3C8F24F4A27CDCA51EE79FA /* Pods */ = {
			isa = PBXGroup;
			children = (
				7D2D78ECC66507154318EFB3 /* Pods-Instagram Like App.debug.xcconfig */,
				D4068BA0EF93E6704C283F1B /* Pods-Instagram Like App.release.xcconfig */,
				014CBBF10886141BDE0E7FB7 /* Pods-Instagram Like App-Instagram Like AppUITests.debug.xcconfig */,
				808E0CA361DF9F23098B223B /* Pods-Instagram Like App-Instagram Like AppUITests.release.xcconfig */,
				07B8EB0B1D4C7A3426640AD0 /* Pods-Instagram Like AppTests.debug.xcconfig */,
				EBC198AFB5843B9BB16189B1 /* Pods-Instagram Like AppTests.release.xcconfig */,
			);
			path = Pods;
			sourceTree = "<group>";
		};
/* End PBXGroup section */

/* Begin PBXNativeTarget section */
		272043CD24247DD90024AE31 /* Instagram Like App */ = {
			isa = PBXNativeTarget;
			buildConfigurationList = 272043F624247DDC0024AE31 /* Build configuration list for PBXNativeTarget "Instagram Like App" */;
			buildPhases = (
				6A907196424AEDEADC362211 /* [CP] Check Pods Manifest.lock */,
				272043CA24247DD90024AE31 /* Sources */,
				272043CB24247DD90024AE31 /* Frameworks */,
				272043CC24247DD90024AE31 /* Resources */,
				9CEB1CFF0C1C9802590347BC /* [CP] Embed Pods Frameworks */,
			);
			buildRules = (
			);
			dependencies = (
			);
			name = "Instagram Like App";
			productName = "Instagram Like App";
			productReference = 272043CE24247DD90024AE31 /* Instagram Like App.app */;
			productType = "com.apple.product-type.application";
		};
		272043E124247DDC0024AE31 /* Instagram Like AppTests */ = {
			isa = PBXNativeTarget;
			buildConfigurationList = 272043F924247DDC0024AE31 /* Build configuration list for PBXNativeTarget "Instagram Like AppTests" */;
			buildPhases = (
				AB13548FE701D138AB5B8CD4 /* [CP] Check Pods Manifest.lock */,
				272043DE24247DDC0024AE31 /* Sources */,
				272043DF24247DDC0024AE31 /* Frameworks */,
				272043E024247DDC0024AE31 /* Resources */,
			);
			buildRules = (
			);
			dependencies = (
				272043E424247DDC0024AE31 /* PBXTargetDependency */,
			);
			name = "Instagram Like AppTests";
			productName = "Instagram Like AppTests";
			productReference = 272043E224247DDC0024AE31 /* Instagram Like AppTests.xctest */;
			productType = "com.apple.product-type.bundle.unit-test";
		};
		272043EC24247DDC0024AE31 /* Instagram Like AppUITests */ = {
			isa = PBXNativeTarget;
			buildConfigurationList = 272043FC24247DDC0024AE31 /* Build configuration list for PBXNativeTarget "Instagram Like AppUITests" */;
			buildPhases = (
				4738CEA80F1911A6B24B07BE /* [CP] Check Pods Manifest.lock */,
				272043E924247DDC0024AE31 /* Sources */,
				272043EA24247DDC0024AE31 /* Frameworks */,
				272043EB24247DDC0024AE31 /* Resources */,
				ED5045E3A80832B3964582CF /* [CP] Embed Pods Frameworks */,
			);
			buildRules = (
			);
			dependencies = (
				272043EF24247DDC0024AE31 /* PBXTargetDependency */,
			);
			name = "Instagram Like AppUITests";
			productName = "Instagram Like AppUITests";
			productReference = 272043ED24247DDC0024AE31 /* Instagram Like AppUITests.xctest */;
			productType = "com.apple.product-type.bundle.ui-testing";
		};
/* End PBXNativeTarget section */

/* Begin PBXProject section */
		272043C624247DD90024AE31 /* Project object */ = {
			isa = PBXProject;
			attributes = {
				LastSwiftUpdateCheck = 1020;
				LastUpgradeCheck = 1020;
				ORGANIZATIONNAME = "Kyle Burns";
				TargetAttributes = {
					272043CD24247DD90024AE31 = {
						CreatedOnToolsVersion = 10.2.1;
					};
					272043E124247DDC0024AE31 = {
						CreatedOnToolsVersion = 10.2.1;
						TestTargetID = 272043CD24247DD90024AE31;
					};
					272043EC24247DDC0024AE31 = {
						CreatedOnToolsVersion = 10.2.1;
						TestTargetID = 272043CD24247DD90024AE31;
					};
				};
			};
			buildConfigurationList = 272043C924247DD90024AE31 /* Build configuration list for PBXProject "Instagram Like App" */;
			compatibilityVersion = "Xcode 9.3";
			developmentRegion = en;
			hasScannedForEncodings = 0;
			knownRegions = (
				en,
				Base,
			);
			mainGroup = 272043C524247DD90024AE31;
			productRefGroup = 272043CF24247DD90024AE31 /* Products */;
			projectDirPath = "";
			projectRoot = "";
			targets = (
				272043CD24247DD90024AE31 /* Instagram Like App */,
				272043E124247DDC0024AE31 /* Instagram Like AppTests */,
				272043EC24247DDC0024AE31 /* Instagram Like AppUITests */,
			);
		};
/* End PBXProject section */

/* Begin PBXResourcesBuildPhase section */
		272043CC24247DD90024AE31 /* Resources */ = {
			isa = PBXResourcesBuildPhase;
			buildActionMask = 2147483647;
			files = (
				272043DC24247DDC0024AE31 /* LaunchScreen.storyboard in Resources */,
				272043D924247DDC0024AE31 /* Assets.xcassets in Resources */,
				272043D724247DD90024AE31 /* Main.storyboard in Resources */,
			);
			runOnlyForDeploymentPostprocessing = 0;
		};
		272043E024247DDC0024AE31 /* Resources */ = {
			isa = PBXResourcesBuildPhase;
			buildActionMask = 2147483647;
			files = (
			);
			runOnlyForDeploymentPostprocessing = 0;
		};
		272043EB24247DDC0024AE31 /* Resources */ = {
			isa = PBXResourcesBuildPhase;
			buildActionMask = 2147483647;
			files = (
			);
			runOnlyForDeploymentPostprocessing = 0;
		};
/* End PBXResourcesBuildPhase section */

/* Begin PBXShellScriptBuildPhase section */
		4738CEA80F1911A6B24B07BE /* [CP] Check Pods Manifest.lock */ = {
			isa = PBXShellScriptBuildPhase;
			buildActionMask = 2147483647;
			files = (
			);
			inputFileListPaths = (
			);
			inputPaths = (
				"${PODS_PODFILE_DIR_PATH}/Podfile.lock",
				"${PODS_ROOT}/Manifest.lock",
			);
			name = "[CP] Check Pods Manifest.lock";
			outputFileListPaths = (
			);
			outputPaths = (
				"$(DERIVED_FILE_DIR)/Pods-Instagram Like App-Instagram Like AppUITests-checkManifestLockResult.txt",
			);
			runOnlyForDeploymentPostprocessing = 0;
			shellPath = /bin/sh;
			shellScript = "diff \"${PODS_PODFILE_DIR_PATH}/Podfile.lock\" \"${PODS_ROOT}/Manifest.lock\" > /dev/null\nif [ $? != 0 ] ; then\n    # print error to STDERR\n    echo \"error: The sandbox is not in sync with the Podfile.lock. Run 'pod install' or update your CocoaPods installation.\" >&2\n    exit 1\nfi\n# This output is used by Xcode 'outputs' to avoid re-running this script phase.\necho \"SUCCESS\" > \"${SCRIPT_OUTPUT_FILE_0}\"\n";
			showEnvVarsInLog = 0;
		};
		6A907196424AEDEADC362211 /* [CP] Check Pods Manifest.lock */ = {
			isa = PBXShellScriptBuildPhase;
			buildActionMask = 2147483647;
			files = (
			);
			inputFileListPaths = (
			);
			inputPaths = (
				"${PODS_PODFILE_DIR_PATH}/Podfile.lock",
				"${PODS_ROOT}/Manifest.lock",
			);
			name = "[CP] Check Pods Manifest.lock";
			outputFileListPaths = (
			);
			outputPaths = (
				"$(DERIVED_FILE_DIR)/Pods-Instagram Like App-checkManifestLockResult.txt",
			);
			runOnlyForDeploymentPostprocessing = 0;
			shellPath = /bin/sh;
			shellScript = "diff \"${PODS_PODFILE_DIR_PATH}/Podfile.lock\" \"${PODS_ROOT}/Manifest.lock\" > /dev/null\nif [ $? != 0 ] ; then\n    # print error to STDERR\n    echo \"error: The sandbox is not in sync with the Podfile.lock. Run 'pod install' or update your CocoaPods installation.\" >&2\n    exit 1\nfi\n# This output is used by Xcode 'outputs' to avoid re-running this script phase.\necho \"SUCCESS\" > \"${SCRIPT_OUTPUT_FILE_0}\"\n";
			showEnvVarsInLog = 0;
		};
		9CEB1CFF0C1C9802590347BC /* [CP] Embed Pods Frameworks */ = {
			isa = PBXShellScriptBuildPhase;
			buildActionMask = 2147483647;
			files = (
			);
			inputFileListPaths = (
				"${PODS_ROOT}/Target Support Files/Pods-Instagram Like App/Pods-Instagram Like App-frameworks-${CONFIGURATION}-input-files.xcfilelist",
			);
			name = "[CP] Embed Pods Frameworks";
			outputFileListPaths = (
				"${PODS_ROOT}/Target Support Files/Pods-Instagram Like App/Pods-Instagram Like App-frameworks-${CONFIGURATION}-output-files.xcfilelist",
			);
			runOnlyForDeploymentPostprocessing = 0;
			shellPath = /bin/sh;
			shellScript = "\"${PODS_ROOT}/Target Support Files/Pods-Instagram Like App/Pods-Instagram Like App-frameworks.sh\"\n";
			showEnvVarsInLog = 0;
		};
		AB13548FE701D138AB5B8CD4 /* [CP] Check Pods Manifest.lock */ = {
			isa = PBXShellScriptBuildPhase;
			buildActionMask = 2147483647;
			files = (
			);
			inputFileListPaths = (
			);
			inputPaths = (
				"${PODS_PODFILE_DIR_PATH}/Podfile.lock",
				"${PODS_ROOT}/Manifest.lock",
			);
			name = "[CP] Check Pods Manifest.lock";
			outputFileListPaths = (
			);
			outputPaths = (
				"$(DERIVED_FILE_DIR)/Pods-Instagram Like AppTests-checkManifestLockResult.txt",
			);
			runOnlyForDeploymentPostprocessing = 0;
			shellPath = /bin/sh;
			shellScript = "diff \"${PODS_PODFILE_DIR_PATH}/Podfile.lock\" \"${PODS_ROOT}/Manifest.lock\" > /dev/null\nif [ $? != 0 ] ; then\n    # print error to STDERR\n    echo \"error: The sandbox is not in sync with the Podfile.lock. Run 'pod install' or update your CocoaPods installation.\" >&2\n    exit 1\nfi\n# This output is used by Xcode 'outputs' to avoid re-running this script phase.\necho \"SUCCESS\" > \"${SCRIPT_OUTPUT_FILE_0}\"\n";
			showEnvVarsInLog = 0;
		};
		ED5045E3A80832B3964582CF /* [CP] Embed Pods Frameworks */ = {
			isa = PBXShellScriptBuildPhase;
			buildActionMask = 2147483647;
			files = (
			);
			inputFileListPaths = (
				"${PODS_ROOT}/Target Support Files/Pods-Instagram Like App-Instagram Like AppUITests/Pods-Instagram Like App-Instagram Like AppUITests-frameworks-${CONFIGURATION}-input-files.xcfilelist",
			);
			name = "[CP] Embed Pods Frameworks";
			outputFileListPaths = (
				"${PODS_ROOT}/Target Support Files/Pods-Instagram Like App-Instagram Like AppUITests/Pods-Instagram Like App-Instagram Like AppUITests-frameworks-${CONFIGURATION}-output-files.xcfilelist",
			);
			runOnlyForDeploymentPostprocessing = 0;
			shellPath = /bin/sh;
			shellScript = "\"${PODS_ROOT}/Target Support Files/Pods-Instagram Like App-Instagram Like AppUITests/Pods-Instagram Like App-Instagram Like AppUITests-frameworks.sh\"\n";
			showEnvVarsInLog = 0;
		};
/* End PBXShellScriptBuildPhase section */

/* Begin PBXSourcesBuildPhase section */
		272043CA24247DD90024AE31 /* Sources */ = {
			isa = PBXSourcesBuildPhase;
			buildActionMask = 2147483647;
			files = (
				2720440024248AE40024AE31 /* LoginViewController.swift in Sources */,
				2720440424248FA20024AE31 /* UploadViewController.swift in Sources */,
				272044062424970A0024AE31 /* PostTableViewCell.swift in Sources */,
				2720440224248AED0024AE31 /* FeedViewController.swift in Sources */,
				272043D224247DD90024AE31 /* AppDelegate.swift in Sources */,
			);
			runOnlyForDeploymentPostprocessing = 0;
		};
		272043DE24247DDC0024AE31 /* Sources */ = {
			isa = PBXSourcesBuildPhase;
			buildActionMask = 2147483647;
			files = (
				272043E724247DDC0024AE31 /* Instagram_Like_AppTests.swift in Sources */,
			);
			runOnlyForDeploymentPostprocessing = 0;
		};
		272043E924247DDC0024AE31 /* Sources */ = {
			isa = PBXSourcesBuildPhase;
			buildActionMask = 2147483647;
			files = (
				272043F224247DDC0024AE31 /* Instagram_Like_AppUITests.swift in Sources */,
			);
			runOnlyForDeploymentPostprocessing = 0;
		};
/* End PBXSourcesBuildPhase section */

/* Begin PBXTargetDependency section */
		272043E424247DDC0024AE31 /* PBXTargetDependency */ = {
			isa = PBXTargetDependency;
			target = 272043CD24247DD90024AE31 /* Instagram Like App */;
			targetProxy = 272043E324247DDC0024AE31 /* PBXContainerItemProxy */;
		};
		272043EF24247DDC0024AE31 /* PBXTargetDependency */ = {
			isa = PBXTargetDependency;
			target = 272043CD24247DD90024AE31 /* Instagram Like App */;
			targetProxy = 272043EE24247DDC0024AE31 /* PBXContainerItemProxy */;
		};
/* End PBXTargetDependency section */

/* Begin PBXVariantGroup section */
		272043D524247DD90024AE31 /* Main.storyboard */ = {
			isa = PBXVariantGroup;
			children = (
				272043D624247DD90024AE31 /* Base */,
			);
			name = Main.storyboard;
			sourceTree = "<group>";
		};
		272043DA24247DDC0024AE31 /* LaunchScreen.storyboard */ = {
			isa = PBXVariantGroup;
			children = (
				272043DB24247DDC0024AE31 /* Base */,
			);
			name = LaunchScreen.storyboard;
			sourceTree = "<group>";
		};
/* End PBXVariantGroup section */

/* Begin XCBuildConfiguration section */
		272043F424247DDC0024AE31 /* Debug */ = {
			isa = XCBuildConfiguration;
			buildSettings = {
				ALWAYS_SEARCH_USER_PATHS = NO;
				CLANG_ANALYZER_NONNULL = YES;
				CLANG_ANALYZER_NUMBER_OBJECT_CONVERSION = YES_AGGRESSIVE;
				CLANG_CXX_LANGUAGE_STANDARD = "gnu++14";
				CLANG_CXX_LIBRARY = "libc++";
				CLANG_ENABLE_MODULES = YES;
				CLANG_ENABLE_OBJC_ARC = YES;
				CLANG_ENABLE_OBJC_WEAK = YES;
				CLANG_WARN_BLOCK_CAPTURE_AUTORELEASING = YES;
				CLANG_WARN_BOOL_CONVERSION = YES;
				CLANG_WARN_COMMA = YES;
				CLANG_WARN_CONSTANT_CONVERSION = YES;
				CLANG_WARN_DEPRECATED_OBJC_IMPLEMENTATIONS = YES;
				CLANG_WARN_DIRECT_OBJC_ISA_USAGE = YES_ERROR;
				CLANG_WARN_DOCUMENTATION_COMMENTS = YES;
				CLANG_WARN_EMPTY_BODY = YES;
				CLANG_WARN_ENUM_CONVERSION = YES;
				CLANG_WARN_INFINITE_RECURSION = YES;
				CLANG_WARN_INT_CONVERSION = YES;
				CLANG_WARN_NON_LITERAL_NULL_CONVERSION = YES;
				CLANG_WARN_OBJC_IMPLICIT_RETAIN_SELF = YES;
				CLANG_WARN_OBJC_LITERAL_CONVERSION = YES;
				CLANG_WARN_OBJC_ROOT_CLASS = YES_ERROR;
				CLANG_WARN_RANGE_LOOP_ANALYSIS = YES;
				CLANG_WARN_STRICT_PROTOTYPES = YES;
				CLANG_WARN_SUSPICIOUS_MOVE = YES;
				CLANG_WARN_UNGUARDED_AVAILABILITY = YES_AGGRESSIVE;
				CLANG_WARN_UNREACHABLE_CODE = YES;
				CLANG_WARN__DUPLICATE_METHOD_MATCH = YES;
				CODE_SIGN_IDENTITY = "iPhone Developer";
				COPY_PHASE_STRIP = NO;
				DEBUG_INFORMATION_FORMAT = dwarf;
				ENABLE_STRICT_OBJC_MSGSEND = YES;
				ENABLE_TESTABILITY = YES;
				GCC_C_LANGUAGE_STANDARD = gnu11;
				GCC_DYNAMIC_NO_PIC = NO;
				GCC_NO_COMMON_BLOCKS = YES;
				GCC_OPTIMIZATION_LEVEL = 0;
				GCC_PREPROCESSOR_DEFINITIONS = (
					"DEBUG=1",
					"$(inherited)",
				);
				GCC_WARN_64_TO_32_BIT_CONVERSION = YES;
				GCC_WARN_ABOUT_RETURN_TYPE = YES_ERROR;
				GCC_WARN_UNDECLARED_SELECTOR = YES;
				GCC_WARN_UNINITIALIZED_AUTOS = YES_AGGRESSIVE;
				GCC_WARN_UNUSED_FUNCTION = YES;
				GCC_WARN_UNUSED_VARIABLE = YES;
				IPHONEOS_DEPLOYMENT_TARGET = 12.2;
				MTL_ENABLE_DEBUG_INFO = INCLUDE_SOURCE;
				MTL_FAST_MATH = YES;
				ONLY_ACTIVE_ARCH = YES;
				SDKROOT = iphoneos;
				SWIFT_ACTIVE_COMPILATION_CONDITIONS = DEBUG;
				SWIFT_OPTIMIZATION_LEVEL = "-Onone";
			};
			name = Debug;
		};
		272043F524247DDC0024AE31 /* Release */ = {
			isa = XCBuildConfiguration;
			buildSettings = {
				ALWAYS_SEARCH_USER_PATHS = NO;
				CLANG_ANALYZER_NONNULL = YES;
				CLANG_ANALYZER_NUMBER_OBJECT_CONVERSION = YES_AGGRESSIVE;
				CLANG_CXX_LANGUAGE_STANDARD = "gnu++14";
				CLANG_CXX_LIBRARY = "libc++";
				CLANG_ENABLE_MODULES = YES;
				CLANG_ENABLE_OBJC_ARC = YES;
				CLANG_ENABLE_OBJC_WEAK = YES;
				CLANG_WARN_BLOCK_CAPTURE_AUTORELEASING = YES;
				CLANG_WARN_BOOL_CONVERSION = YES;
				CLANG_WARN_COMMA = YES;
				CLANG_WARN_CONSTANT_CONVERSION = YES;
				CLANG_WARN_DEPRECATED_OBJC_IMPLEMENTATIONS = YES;
				CLANG_WARN_DIRECT_OBJC_ISA_USAGE = YES_ERROR;
				CLANG_WARN_DOCUMENTATION_COMMENTS = YES;
				CLANG_WARN_EMPTY_BODY = YES;
				CLANG_WARN_ENUM_CONVERSION = YES;
				CLANG_WARN_INFINITE_RECURSION = YES;
				CLANG_WARN_INT_CONVERSION = YES;
				CLANG_WARN_NON_LITERAL_NULL_CONVERSION = YES;
				CLANG_WARN_OBJC_IMPLICIT_RETAIN_SELF = YES;
				CLANG_WARN_OBJC_LITERAL_CONVERSION = YES;
				CLANG_WARN_OBJC_ROOT_CLASS = YES_ERROR;
				CLANG_WARN_RANGE_LOOP_ANALYSIS = YES;
				CLANG_WARN_STRICT_PROTOTYPES = YES;
				CLANG_WARN_SUSPICIOUS_MOVE = YES;
				CLANG_WARN_UNGUARDED_AVAILABILITY = YES_AGGRESSIVE;
				CLANG_WARN_UNREACHABLE_CODE = YES;
				CLANG_WARN__DUPLICATE_METHOD_MATCH = YES;
				CODE_SIGN_IDENTITY = "iPhone Developer";
				COPY_PHASE_STRIP = NO;
				DEBUG_INFORMATION_FORMAT = "dwarf-with-dsym";
				ENABLE_NS_ASSERTIONS = NO;
				ENABLE_STRICT_OBJC_MSGSEND = YES;
				GCC_C_LANGUAGE_STANDARD = gnu11;
				GCC_NO_COMMON_BLOCKS = YES;
				GCC_WARN_64_TO_32_BIT_CONVERSION = YES;
				GCC_WARN_ABOUT_RETURN_TYPE = YES_ERROR;
				GCC_WARN_UNDECLARED_SELECTOR = YES;
				GCC_WARN_UNINITIALIZED_AUTOS = YES_AGGRESSIVE;
				GCC_WARN_UNUSED_FUNCTION = YES;
				GCC_WARN_UNUSED_VARIABLE = YES;
				IPHONEOS_DEPLOYMENT_TARGET = 12.2;
				MTL_ENABLE_DEBUG_INFO = NO;
				MTL_FAST_MATH = YES;
				SDKROOT = iphoneos;
				SWIFT_COMPILATION_MODE = wholemodule;
				SWIFT_OPTIMIZATION_LEVEL = "-O";
				VALIDATE_PRODUCT = YES;
			};
			name = Release;
		};
		272043F724247DDC0024AE31 /* Debug */ = {
			isa = XCBuildConfiguration;
			baseConfigurationReference = 7D2D78ECC66507154318EFB3 /* Pods-Instagram Like App.debug.xcconfig */;
			buildSettings = {
				ASSETCATALOG_COMPILER_APPICON_NAME = AppIcon;
				CODE_SIGN_STYLE = Automatic;
				DEVELOPMENT_TEAM = FYYQ8KVHFM;
				INFOPLIST_FILE = "Instagram Like App/Info.plist";
				LD_RUNPATH_SEARCH_PATHS = (
					"$(inherited)",
					"@executable_path/Frameworks",
				);
				PRODUCT_BUNDLE_IDENTIFIER = "Burns.Instagram-Like-App";
				PRODUCT_NAME = "$(TARGET_NAME)";
				SWIFT_VERSION = 5.0;
				TARGETED_DEVICE_FAMILY = "1,2";
			};
			name = Debug;
		};
		272043F824247DDC0024AE31 /* Release */ = {
			isa = XCBuildConfiguration;
			baseConfigurationReference = D4068BA0EF93E6704C283F1B /* Pods-Instagram Like App.release.xcconfig */;
			buildSettings = {
				ASSETCATALOG_COMPILER_APPICON_NAME = AppIcon;
				CODE_SIGN_STYLE = Automatic;
				DEVELOPMENT_TEAM = FYYQ8KVHFM;
				INFOPLIST_FILE = "Instagram Like App/Info.plist";
				LD_RUNPATH_SEARCH_PATHS = (
					"$(inherited)",
					"@executable_path/Frameworks",
				);
				PRODUCT_BUNDLE_IDENTIFIER = "Burns.Instagram-Like-App";
				PRODUCT_NAME = "$(TARGET_NAME)";
				SWIFT_VERSION = 5.0;
				TARGETED_DEVICE_FAMILY = "1,2";
			};
			name = Release;
		};
		272043FA24247DDC0024AE31 /* Debug */ = {
			isa = XCBuildConfiguration;
			baseConfigurationReference = 07B8EB0B1D4C7A3426640AD0 /* Pods-Instagram Like AppTests.debug.xcconfig */;
			buildSettings = {
				ALWAYS_EMBED_SWIFT_STANDARD_LIBRARIES = YES;
				BUNDLE_LOADER = "$(TEST_HOST)";
				CODE_SIGN_STYLE = Automatic;
				DEVELOPMENT_TEAM = FYYQ8KVHFM;
				INFOPLIST_FILE = "Instagram Like AppTests/Info.plist";
				LD_RUNPATH_SEARCH_PATHS = (
					"$(inherited)",
					"@executable_path/Frameworks",
					"@loader_path/Frameworks",
				);
				PRODUCT_BUNDLE_IDENTIFIER = "Burns.Instagram-Like-AppTests";
				PRODUCT_NAME = "$(TARGET_NAME)";
				SWIFT_VERSION = 5.0;
				TARGETED_DEVICE_FAMILY = "1,2";
				TEST_HOST = "$(BUILT_PRODUCTS_DIR)/Instagram Like App.app/Instagram Like App";
			};
			name = Debug;
		};
		272043FB24247DDC0024AE31 /* Release */ = {
			isa = XCBuildConfiguration;
			baseConfigurationReference = EBC198AFB5843B9BB16189B1 /* Pods-Instagram Like AppTests.release.xcconfig */;
			buildSettings = {
				ALWAYS_EMBED_SWIFT_STANDARD_LIBRARIES = YES;
				BUNDLE_LOADER = "$(TEST_HOST)";
				CODE_SIGN_STYLE = Automatic;
				DEVELOPMENT_TEAM = FYYQ8KVHFM;
				INFOPLIST_FILE = "Instagram Like AppTests/Info.plist";
				LD_RUNPATH_SEARCH_PATHS = (
					"$(inherited)",
					"@executable_path/Frameworks",
					"@loader_path/Frameworks",
				);
				PRODUCT_BUNDLE_IDENTIFIER = "Burns.Instagram-Like-AppTests";
				PRODUCT_NAME = "$(TARGET_NAME)";
				SWIFT_VERSION = 5.0;
				TARGETED_DEVICE_FAMILY = "1,2";
				TEST_HOST = "$(BUILT_PRODUCTS_DIR)/Instagram Like App.app/Instagram Like App";
			};
			name = Release;
		};
		272043FD24247DDC0024AE31 /* Debug */ = {
			isa = XCBuildConfiguration;
			baseConfigurationReference = 014CBBF10886141BDE0E7FB7 /* Pods-Instagram Like App-Instagram Like AppUITests.debug.xcconfig */;
			buildSettings = {
				ALWAYS_EMBED_SWIFT_STANDARD_LIBRARIES = YES;
				CODE_SIGN_STYLE = Automatic;
				DEVELOPMENT_TEAM = FYYQ8KVHFM;
				INFOPLIST_FILE = "Instagram Like AppUITests/Info.plist";
				LD_RUNPATH_SEARCH_PATHS = (
					"$(inherited)",
					"@executable_path/Frameworks",
					"@loader_path/Frameworks",
				);
				PRODUCT_BUNDLE_IDENTIFIER = "Burns.Instagram-Like-AppUITests";
				PRODUCT_NAME = "$(TARGET_NAME)";
				SWIFT_VERSION = 5.0;
				TARGETED_DEVICE_FAMILY = "1,2";
				TEST_TARGET_NAME = "Instagram Like App";
			};
			name = Debug;
		};
		272043FE24247DDC0024AE31 /* Release */ = {
			isa = XCBuildConfiguration;
			baseConfigurationReference = 808E0CA361DF9F23098B223B /* Pods-Instagram Like App-Instagram Like AppUITests.release.xcconfig */;
			buildSettings = {
				ALWAYS_EMBED_SWIFT_STANDARD_LIBRARIES = YES;
				CODE_SIGN_STYLE = Automatic;
				DEVELOPMENT_TEAM = FYYQ8KVHFM;
				INFOPLIST_FILE = "Instagram Like AppUITests/Info.plist";
				LD_RUNPATH_SEARCH_PATHS = (
					"$(inherited)",
					"@executable_path/Frameworks",
					"@loader_path/Frameworks",
				);
				PRODUCT_BUNDLE_IDENTIFIER = "Burns.Instagram-Like-AppUITests";
				PRODUCT_NAME = "$(TARGET_NAME)";
				SWIFT_VERSION = 5.0;
				TARGETED_DEVICE_FAMILY = "1,2";
				TEST_TARGET_NAME = "Instagram Like App";
			};
			name = Release;
		};
/* End XCBuildConfiguration section */

/* Begin XCConfigurationList section */
		272043C924247DD90024AE31 /* Build configuration list for PBXProject "Instagram Like App" */ = {
			isa = XCConfigurationList;
			buildConfigurations = (
				272043F424247DDC0024AE31 /* Debug */,
				272043F524247DDC0024AE31 /* Release */,
			);
			defaultConfigurationIsVisible = 0;
			defaultConfigurationName = Release;
		};
		272043F624247DDC0024AE31 /* Build configuration list for PBXNativeTarget "Instagram Like App" */ = {
			isa = XCConfigurationList;
			buildConfigurations = (
				272043F724247DDC0024AE31 /* Debug */,
				272043F824247DDC0024AE31 /* Release */,
			);
			defaultConfigurationIsVisible = 0;
			defaultConfigurationName = Release;
		};
		272043F924247DDC0024AE31 /* Build configuration list for PBXNativeTarget "Instagram Like AppTests" */ = {
			isa = XCConfigurationList;
			buildConfigurations = (
				272043FA24247DDC0024AE31 /* Debug */,
				272043FB24247DDC0024AE31 /* Release */,
			);
			defaultConfigurationIsVisible = 0;
			defaultConfigurationName = Release;
		};
		272043FC24247DDC0024AE31 /* Build configuration list for PBXNativeTarget "Instagram Like AppUITests" */ = {
			isa = XCConfigurationList;
			buildConfigurations = (
				272043FD24247DDC0024AE31 /* Debug */,
				272043FE24247DDC0024AE31 /* Release */,
			);
			defaultConfigurationIsVisible = 0;
			defaultConfigurationName = Release;
		};
/* End XCConfigurationList section */
	};
	rootObject = 272043C624247DD90024AE31 /* Project object */;
}
