// !$*UTF8*$!
{
	archiveVersion = 1;
	classes = {
	};
	objectVersion = 50;
	objects = {

/* Begin PBXBuildFile section */
		07045972D6C1B888B8566B5F /* Pods_Tumblr_API.framework in Frameworks */ = {isa = PBXBuildFile; fileRef = A70E85A34BFD7757CE6C4605 /* Pods_Tumblr_API.framework */; };
		271B8F4D23F76F51005F1F32 /* AppDelegate.swift in Sources */ = {isa = PBXBuildFile; fileRef = 271B8F4C23F76F51005F1F32 /* AppDelegate.swift */; };
		271B8F5223F76F51005F1F32 /* Main.storyboard in Resources */ = {isa = PBXBuildFile; fileRef = 271B8F5023F76F51005F1F32 /* Main.storyboard */; };
		271B8F5423F76F53005F1F32 /* Assets.xcassets in Resources */ = {isa = PBXBuildFile; fileRef = 271B8F5323F76F53005F1F32 /* Assets.xcassets */; };
		271B8F5723F76F53005F1F32 /* LaunchScreen.storyboard in Resources */ = {isa = PBXBuildFile; fileRef = 271B8F5523F76F53005F1F32 /* LaunchScreen.storyboard */; };
		271B8F6223F76F53005F1F32 /* Tumblr_APITests.swift in Sources */ = {isa = PBXBuildFile; fileRef = 271B8F6123F76F53005F1F32 /* Tumblr_APITests.swift */; };
		271B8F6D23F76F53005F1F32 /* Tumblr_APIUITests.swift in Sources */ = {isa = PBXBuildFile; fileRef = 271B8F6C23F76F53005F1F32 /* Tumblr_APIUITests.swift */; };
		271B8F7B23F77CB8005F1F32 /* PhotosViewController.swift in Sources */ = {isa = PBXBuildFile; fileRef = 271B8F7A23F77CB8005F1F32 /* PhotosViewController.swift */; };
		271B8F7D23F78220005F1F32 /* PhotoTableViewCell.swift in Sources */ = {isa = PBXBuildFile; fileRef = 271B8F7C23F78220005F1F32 /* PhotoTableViewCell.swift */; };
		5C634B921FBBB9D226192FCF /* Pods_Tumblr_APITests.framework in Frameworks */ = {isa = PBXBuildFile; fileRef = 56B1B6855DD4FAE274B51D31 /* Pods_Tumblr_APITests.framework */; };
		818F1216255236BF9CF78FC8 /* Pods_Tumblr_API_Tumblr_APIUITests.framework in Frameworks */ = {isa = PBXBuildFile; fileRef = D2A498E6213ED1A99CA98F5F /* Pods_Tumblr_API_Tumblr_APIUITests.framework */; };
/* End PBXBuildFile section */

/* Begin PBXContainerItemProxy section */
		271B8F5E23F76F53005F1F32 /* PBXContainerItemProxy */ = {
			isa = PBXContainerItemProxy;
			containerPortal = 271B8F4123F76F51005F1F32 /* Project object */;
			proxyType = 1;
			remoteGlobalIDString = 271B8F4823F76F51005F1F32;
			remoteInfo = "Tumblr API";
		};
		271B8F6923F76F53005F1F32 /* PBXContainerItemProxy */ = {
			isa = PBXContainerItemProxy;
			containerPortal = 271B8F4123F76F51005F1F32 /* Project object */;
			proxyType = 1;
			remoteGlobalIDString = 271B8F4823F76F51005F1F32;
			remoteInfo = "Tumblr API";
		};
/* End PBXContainerItemProxy section */

/* Begin PBXFileReference section */
		16EEF0F901E530EB8DD49E74 /* Pods-Tumblr APITests.release.xcconfig */ = {isa = PBXFileReference; includeInIndex = 1; lastKnownFileType = text.xcconfig; name = "Pods-Tumblr APITests.release.xcconfig"; path = "Target Support Files/Pods-Tumblr APITests/Pods-Tumblr APITests.release.xcconfig"; sourceTree = "<group>"; };
		271B8F4923F76F51005F1F32 /* Tumblr API.app */ = {isa = PBXFileReference; explicitFileType = wrapper.application; includeInIndex = 0; path = "Tumblr API.app"; sourceTree = BUILT_PRODUCTS_DIR; };
		271B8F4C23F76F51005F1F32 /* AppDelegate.swift */ = {isa = PBXFileReference; lastKnownFileType = sourcecode.swift; path = AppDelegate.swift; sourceTree = "<group>"; };
		271B8F5123F76F51005F1F32 /* Base */ = {isa = PBXFileReference; lastKnownFileType = file.storyboard; name = Base; path = Base.lproj/Main.storyboard; sourceTree = "<group>"; };
		271B8F5323F76F53005F1F32 /* Assets.xcassets */ = {isa = PBXFileReference; lastKnownFileType = folder.assetcatalog; path = Assets.xcassets; sourceTree = "<group>"; };
		271B8F5623F76F53005F1F32 /* Base */ = {isa = PBXFileReference; lastKnownFileType = file.storyboard; name = Base; path = Base.lproj/LaunchScreen.storyboard; sourceTree = "<group>"; };
		271B8F5823F76F53005F1F32 /* Info.plist */ = {isa = PBXFileReference; lastKnownFileType = text.plist.xml; path = Info.plist; sourceTree = "<group>"; };
		271B8F5D23F76F53005F1F32 /* Tumblr APITests.xctest */ = {isa = PBXFileReference; explicitFileType = wrapper.cfbundle; includeInIndex = 0; path = "Tumblr APITests.xctest"; sourceTree = BUILT_PRODUCTS_DIR; };
		271B8F6123F76F53005F1F32 /* Tumblr_APITests.swift */ = {isa = PBXFileReference; lastKnownFileType = sourcecode.swift; path = Tumblr_APITests.swift; sourceTree = "<group>"; };
		271B8F6323F76F53005F1F32 /* Info.plist */ = {isa = PBXFileReference; lastKnownFileType = text.plist.xml; path = Info.plist; sourceTree = "<group>"; };
		271B8F6823F76F53005F1F32 /* Tumblr APIUITests.xctest */ = {isa = PBXFileReference; explicitFileType = wrapper.cfbundle; includeInIndex = 0; path = "Tumblr APIUITests.xctest"; sourceTree = BUILT_PRODUCTS_DIR; };
		271B8F6C23F76F53005F1F32 /* Tumblr_APIUITests.swift */ = {isa = PBXFileReference; lastKnownFileType = sourcecode.swift; path = Tumblr_APIUITests.swift; sourceTree = "<group>"; };
		271B8F6E23F76F53005F1F32 /* Info.plist */ = {isa = PBXFileReference; lastKnownFileType = text.plist.xml; path = Info.plist; sourceTree = "<group>"; };
		271B8F7A23F77CB8005F1F32 /* PhotosViewController.swift */ = {isa = PBXFileReference; lastKnownFileType = sourcecode.swift; path = PhotosViewController.swift; sourceTree = "<group>"; };
		271B8F7C23F78220005F1F32 /* PhotoTableViewCell.swift */ = {isa = PBXFileReference; lastKnownFileType = sourcecode.swift; path = PhotoTableViewCell.swift; sourceTree = "<group>"; };
		2E826CE7FE6BDEED24586A56 /* Pods-Tumblr API.release.xcconfig */ = {isa = PBXFileReference; includeInIndex = 1; lastKnownFileType = text.xcconfig; name = "Pods-Tumblr API.release.xcconfig"; path = "Target Support Files/Pods-Tumblr API/Pods-Tumblr API.release.xcconfig"; sourceTree = "<group>"; };
		47832F4AA0BECEF902E48219 /* Pods-Tumblr API-Tumblr APIUITests.debug.xcconfig */ = {isa = PBXFileReference; includeInIndex = 1; lastKnownFileType = text.xcconfig; name = "Pods-Tumblr API-Tumblr APIUITests.debug.xcconfig"; path = "Target Support Files/Pods-Tumblr API-Tumblr APIUITests/Pods-Tumblr API-Tumblr APIUITests.debug.xcconfig"; sourceTree = "<group>"; };
		56B1B6855DD4FAE274B51D31 /* Pods_Tumblr_APITests.framework */ = {isa = PBXFileReference; explicitFileType = wrapper.framework; includeInIndex = 0; path = Pods_Tumblr_APITests.framework; sourceTree = BUILT_PRODUCTS_DIR; };
		9D178AC6E9BA9CBEE50B06A5 /* Pods-Tumblr API.debug.xcconfig */ = {isa = PBXFileReference; includeInIndex = 1; lastKnownFileType = text.xcconfig; name = "Pods-Tumblr API.debug.xcconfig"; path = "Target Support Files/Pods-Tumblr API/Pods-Tumblr API.debug.xcconfig"; sourceTree = "<group>"; };
		9EF5D5E9E1CE94D0824243F5 /* Pods-Tumblr APITests.debug.xcconfig */ = {isa = PBXFileReference; includeInIndex = 1; lastKnownFileType = text.xcconfig; name = "Pods-Tumblr APITests.debug.xcconfig"; path = "Target Support Files/Pods-Tumblr APITests/Pods-Tumblr APITests.debug.xcconfig"; sourceTree = "<group>"; };
		A70E85A34BFD7757CE6C4605 /* Pods_Tumblr_API.framework */ = {isa = PBXFileReference; explicitFileType = wrapper.framework; includeInIndex = 0; path = Pods_Tumblr_API.framework; sourceTree = BUILT_PRODUCTS_DIR; };
		AFAE39701493071ACD0F59BB /* Pods-Tumblr API-Tumblr APIUITests.release.xcconfig */ = {isa = PBXFileReference; includeInIndex = 1; lastKnownFileType = text.xcconfig; name = "Pods-Tumblr API-Tumblr APIUITests.release.xcconfig"; path = "Target Support Files/Pods-Tumblr API-Tumblr APIUITests/Pods-Tumblr API-Tumblr APIUITests.release.xcconfig"; sourceTree = "<group>"; };
		D2A498E6213ED1A99CA98F5F /* Pods_Tumblr_API_Tumblr_APIUITests.framework */ = {isa = PBXFileReference; explicitFileType = wrapper.framework; includeInIndex = 0; path = Pods_Tumblr_API_Tumblr_APIUITests.framework; sourceTree = BUILT_PRODUCTS_DIR; };
/* End PBXFileReference section */

/* Begin PBXFrameworksBuildPhase section */
		271B8F4623F76F51005F1F32 /* Frameworks */ = {
			isa = PBXFrameworksBuildPhase;
			buildActionMask = 2147483647;
			files = (
				07045972D6C1B888B8566B5F /* Pods_Tumblr_API.framework in Frameworks */,
			);
			runOnlyForDeploymentPostprocessing = 0;
		};
		271B8F5A23F76F53005F1F32 /* Frameworks */ = {
			isa = PBXFrameworksBuildPhase;
			buildActionMask = 2147483647;
			files = (
				5C634B921FBBB9D226192FCF /* Pods_Tumblr_APITests.framework in Frameworks */,
			);
			runOnlyForDeploymentPostprocessing = 0;
		};
		271B8F6523F76F53005F1F32 /* Frameworks */ = {
			isa = PBXFrameworksBuildPhase;
			buildActionMask = 2147483647;
			files = (
				818F1216255236BF9CF78FC8 /* Pods_Tumblr_API_Tumblr_APIUITests.framework in Frameworks */,
			);
			runOnlyForDeploymentPostprocessing = 0;
		};
/* End PBXFrameworksBuildPhase section */

/* Begin PBXGroup section */
		271B8F4023F76F51005F1F32 = {
			isa = PBXGroup;
			children = (
				271B8F4B23F76F51005F1F32 /* Tumblr API */,
				271B8F6023F76F53005F1F32 /* Tumblr APITests */,
				271B8F6B23F76F53005F1F32 /* Tumblr APIUITests */,
				271B8F4A23F76F51005F1F32 /* Products */,
				D364AA0A1F30C2FB8EB3F274 /* Pods */,
				F616744EBB8803B9FF525582 /* Frameworks */,
			);
			sourceTree = "<group>";
		};
		271B8F4A23F76F51005F1F32 /* Products */ = {
			isa = PBXGroup;
			children = (
				271B8F4923F76F51005F1F32 /* Tumblr API.app */,
				271B8F5D23F76F53005F1F32 /* Tumblr APITests.xctest */,
				271B8F6823F76F53005F1F32 /* Tumblr APIUITests.xctest */,
			);
			name = Products;
			sourceTree = "<group>";
		};
		271B8F4B23F76F51005F1F32 /* Tumblr API */ = {
			isa = PBXGroup;
			children = (
				271B8F4C23F76F51005F1F32 /* AppDelegate.swift */,
				271B8F7A23F77CB8005F1F32 /* PhotosViewController.swift */,
				271B8F7C23F78220005F1F32 /* PhotoTableViewCell.swift */,
				271B8F5023F76F51005F1F32 /* Main.storyboard */,
				271B8F5323F76F53005F1F32 /* Assets.xcassets */,
				271B8F5523F76F53005F1F32 /* LaunchScreen.storyboard */,
				271B8F5823F76F53005F1F32 /* Info.plist */,
			);
			path = "Tumblr API";
			sourceTree = "<group>";
		};
		271B8F6023F76F53005F1F32 /* Tumblr APITests */ = {
			isa = PBXGroup;
			children = (
				271B8F6123F76F53005F1F32 /* Tumblr_APITests.swift */,
				271B8F6323F76F53005F1F32 /* Info.plist */,
			);
			path = "Tumblr APITests";
			sourceTree = "<group>";
		};
		271B8F6B23F76F53005F1F32 /* Tumblr APIUITests */ = {
			isa = PBXGroup;
			children = (
				271B8F6C23F76F53005F1F32 /* Tumblr_APIUITests.swift */,
				271B8F6E23F76F53005F1F32 /* Info.plist */,
			);
			path = "Tumblr APIUITests";
			sourceTree = "<group>";
		};
		D364AA0A1F30C2FB8EB3F274 /* Pods */ = {
			isa = PBXGroup;
			children = (
				9D178AC6E9BA9CBEE50B06A5 /* Pods-Tumblr API.debug.xcconfig */,
				2E826CE7FE6BDEED24586A56 /* Pods-Tumblr API.release.xcconfig */,
				47832F4AA0BECEF902E48219 /* Pods-Tumblr API-Tumblr APIUITests.debug.xcconfig */,
				AFAE39701493071ACD0F59BB /* Pods-Tumblr API-Tumblr APIUITests.release.xcconfig */,
				9EF5D5E9E1CE94D0824243F5 /* Pods-Tumblr APITests.debug.xcconfig */,
				16EEF0F901E530EB8DD49E74 /* Pods-Tumblr APITests.release.xcconfig */,
			);
			name = Pods;
			path = Pods;
			sourceTree = "<group>";
		};
		F616744EBB8803B9FF525582 /* Frameworks */ = {
			isa = PBXGroup;
			children = (
				A70E85A34BFD7757CE6C4605 /* Pods_Tumblr_API.framework */,
				D2A498E6213ED1A99CA98F5F /* Pods_Tumblr_API_Tumblr_APIUITests.framework */,
				56B1B6855DD4FAE274B51D31 /* Pods_Tumblr_APITests.framework */,
			);
			name = Frameworks;
			sourceTree = "<group>";
		};
/* End PBXGroup section */

/* Begin PBXNativeTarget section */
		271B8F4823F76F51005F1F32 /* Tumblr API */ = {
			isa = PBXNativeTarget;
			buildConfigurationList = 271B8F7123F76F53005F1F32 /* Build configuration list for PBXNativeTarget "Tumblr API" */;
			buildPhases = (
				C0CF144B1CACAF6264B3E74F /* [CP] Check Pods Manifest.lock */,
				271B8F4523F76F51005F1F32 /* Sources */,
				271B8F4623F76F51005F1F32 /* Frameworks */,
				271B8F4723F76F51005F1F32 /* Resources */,
				CAE338998F109516FE71ACDF /* [CP] Embed Pods Frameworks */,
			);
			buildRules = (
			);
			dependencies = (
			);
			name = "Tumblr API";
			productName = "Tumblr API";
			productReference = 271B8F4923F76F51005F1F32 /* Tumblr API.app */;
			productType = "com.apple.product-type.application";
		};
		271B8F5C23F76F53005F1F32 /* Tumblr APITests */ = {
			isa = PBXNativeTarget;
			buildConfigurationList = 271B8F7423F76F53005F1F32 /* Build configuration list for PBXNativeTarget "Tumblr APITests" */;
			buildPhases = (
				36304B99138EB332E6A24336 /* [CP] Check Pods Manifest.lock */,
				271B8F5923F76F53005F1F32 /* Sources */,
				271B8F5A23F76F53005F1F32 /* Frameworks */,
				271B8F5B23F76F53005F1F32 /* Resources */,
			);
			buildRules = (
			);
			dependencies = (
				271B8F5F23F76F53005F1F32 /* PBXTargetDependency */,
			);
			name = "Tumblr APITests";
			productName = "Tumblr APITests";
			productReference = 271B8F5D23F76F53005F1F32 /* Tumblr APITests.xctest */;
			productType = "com.apple.product-type.bundle.unit-test";
		};
		271B8F6723F76F53005F1F32 /* Tumblr APIUITests */ = {
			isa = PBXNativeTarget;
			buildConfigurationList = 271B8F7723F76F53005F1F32 /* Build configuration list for PBXNativeTarget "Tumblr APIUITests" */;
			buildPhases = (
				34027B337EF3C5973C992134 /* [CP] Check Pods Manifest.lock */,
				271B8F6423F76F53005F1F32 /* Sources */,
				271B8F6523F76F53005F1F32 /* Frameworks */,
				271B8F6623F76F53005F1F32 /* Resources */,
				9CFFB1A1C772C9696FCB632A /* [CP] Embed Pods Frameworks */,
			);
			buildRules = (
			);
			dependencies = (
				271B8F6A23F76F53005F1F32 /* PBXTargetDependency */,
			);
			name = "Tumblr APIUITests";
			productName = "Tumblr APIUITests";
			productReference = 271B8F6823F76F53005F1F32 /* Tumblr APIUITests.xctest */;
			productType = "com.apple.product-type.bundle.ui-testing";
		};
/* End PBXNativeTarget section */

/* Begin PBXProject section */
		271B8F4123F76F51005F1F32 /* Project object */ = {
			isa = PBXProject;
			attributes = {
				LastSwiftUpdateCheck = 1020;
				LastUpgradeCheck = 1020;
				ORGANIZATIONNAME = "Kyle Burns";
				TargetAttributes = {
					271B8F4823F76F51005F1F32 = {
						CreatedOnToolsVersion = 10.2.1;
					};
					271B8F5C23F76F53005F1F32 = {
						CreatedOnToolsVersion = 10.2.1;
						TestTargetID = 271B8F4823F76F51005F1F32;
					};
					271B8F6723F76F53005F1F32 = {
						CreatedOnToolsVersion = 10.2.1;
						TestTargetID = 271B8F4823F76F51005F1F32;
					};
				};
			};
			buildConfigurationList = 271B8F4423F76F51005F1F32 /* Build configuration list for PBXProject "Tumblr API" */;
			compatibilityVersion = "Xcode 9.3";
			developmentRegion = en;
			hasScannedForEncodings = 0;
			knownRegions = (
				en,
				Base,
			);
			mainGroup = 271B8F4023F76F51005F1F32;
			productRefGroup = 271B8F4A23F76F51005F1F32 /* Products */;
			projectDirPath = "";
			projectRoot = "";
			targets = (
				271B8F4823F76F51005F1F32 /* Tumblr API */,
				271B8F5C23F76F53005F1F32 /* Tumblr APITests */,
				271B8F6723F76F53005F1F32 /* Tumblr APIUITests */,
			);
		};
/* End PBXProject section */

/* Begin PBXResourcesBuildPhase section */
		271B8F4723F76F51005F1F32 /* Resources */ = {
			isa = PBXResourcesBuildPhase;
			buildActionMask = 2147483647;
			files = (
				271B8F5723F76F53005F1F32 /* LaunchScreen.storyboard in Resources */,
				271B8F5423F76F53005F1F32 /* Assets.xcassets in Resources */,
				271B8F5223F76F51005F1F32 /* Main.storyboard in Resources */,
			);
			runOnlyForDeploymentPostprocessing = 0;
		};
		271B8F5B23F76F53005F1F32 /* Resources */ = {
			isa = PBXResourcesBuildPhase;
			buildActionMask = 2147483647;
			files = (
			);
			runOnlyForDeploymentPostprocessing = 0;
		};
		271B8F6623F76F53005F1F32 /* Resources */ = {
			isa = PBXResourcesBuildPhase;
			buildActionMask = 2147483647;
			files = (
			);
			runOnlyForDeploymentPostprocessing = 0;
		};
/* End PBXResourcesBuildPhase section */

/* Begin PBXShellScriptBuildPhase section */
		34027B337EF3C5973C992134 /* [CP] Check Pods Manifest.lock */ = {
			isa = PBXShellScriptBuildPhase;
			buildActionMask = 2147483647;
			files = (
			);
			inputFileListPaths = (
			);
			inputPaths = (
				"${PODS_PODFILE_DIR_PATH}/Podfile.lock",
				"${PODS_ROOT}/Manifest.lock",
			);
			name = "[CP] Check Pods Manifest.lock";
			outputFileListPaths = (
			);
			outputPaths = (
				"$(DERIVED_FILE_DIR)/Pods-Tumblr API-Tumblr APIUITests-checkManifestLockResult.txt",
			);
			runOnlyForDeploymentPostprocessing = 0;
			shellPath = /bin/sh;
			shellScript = "diff \"${PODS_PODFILE_DIR_PATH}/Podfile.lock\" \"${PODS_ROOT}/Manifest.lock\" > /dev/null\nif [ $? != 0 ] ; then\n    # print error to STDERR\n    echo \"error: The sandbox is not in sync with the Podfile.lock. Run 'pod install' or update your CocoaPods installation.\" >&2\n    exit 1\nfi\n# This output is used by Xcode 'outputs' to avoid re-running this script phase.\necho \"SUCCESS\" > \"${SCRIPT_OUTPUT_FILE_0}\"\n";
			showEnvVarsInLog = 0;
		};
		36304B99138EB332E6A24336 /* [CP] Check Pods Manifest.lock */ = {
			isa = PBXShellScriptBuildPhase;
			buildActionMask = 2147483647;
			files = (
			);
			inputFileListPaths = (
			);
			inputPaths = (
				"${PODS_PODFILE_DIR_PATH}/Podfile.lock",
				"${PODS_ROOT}/Manifest.lock",
			);
			name = "[CP] Check Pods Manifest.lock";
			outputFileListPaths = (
			);
			outputPaths = (
				"$(DERIVED_FILE_DIR)/Pods-Tumblr APITests-checkManifestLockResult.txt",
			);
			runOnlyForDeploymentPostprocessing = 0;
			shellPath = /bin/sh;
			shellScript = "diff \"${PODS_PODFILE_DIR_PATH}/Podfile.lock\" \"${PODS_ROOT}/Manifest.lock\" > /dev/null\nif [ $? != 0 ] ; then\n    # print error to STDERR\n    echo \"error: The sandbox is not in sync with the Podfile.lock. Run 'pod install' or update your CocoaPods installation.\" >&2\n    exit 1\nfi\n# This output is used by Xcode 'outputs' to avoid re-running this script phase.\necho \"SUCCESS\" > \"${SCRIPT_OUTPUT_FILE_0}\"\n";
			showEnvVarsInLog = 0;
		};
		9CFFB1A1C772C9696FCB632A /* [CP] Embed Pods Frameworks */ = {
			isa = PBXShellScriptBuildPhase;
			buildActionMask = 2147483647;
			files = (
			);
			inputFileListPaths = (
				"${PODS_ROOT}/Target Support Files/Pods-Tumblr API-Tumblr APIUITests/Pods-Tumblr API-Tumblr APIUITests-frameworks-${CONFIGURATION}-input-files.xcfilelist",
			);
			name = "[CP] Embed Pods Frameworks";
			outputFileListPaths = (
				"${PODS_ROOT}/Target Support Files/Pods-Tumblr API-Tumblr APIUITests/Pods-Tumblr API-Tumblr APIUITests-frameworks-${CONFIGURATION}-output-files.xcfilelist",
			);
			runOnlyForDeploymentPostprocessing = 0;
			shellPath = /bin/sh;
			shellScript = "\"${PODS_ROOT}/Target Support Files/Pods-Tumblr API-Tumblr APIUITests/Pods-Tumblr API-Tumblr APIUITests-frameworks.sh\"\n";
			showEnvVarsInLog = 0;
		};
		C0CF144B1CACAF6264B3E74F /* [CP] Check Pods Manifest.lock */ = {
			isa = PBXShellScriptBuildPhase;
			buildActionMask = 2147483647;
			files = (
			);
			inputFileListPaths = (
			);
			inputPaths = (
				"${PODS_PODFILE_DIR_PATH}/Podfile.lock",
				"${PODS_ROOT}/Manifest.lock",
			);
			name = "[CP] Check Pods Manifest.lock";
			outputFileListPaths = (
			);
			outputPaths = (
				"$(DERIVED_FILE_DIR)/Pods-Tumblr API-checkManifestLockResult.txt",
			);
			runOnlyForDeploymentPostprocessing = 0;
			shellPath = /bin/sh;
			shellScript = "diff \"${PODS_PODFILE_DIR_PATH}/Podfile.lock\" \"${PODS_ROOT}/Manifest.lock\" > /dev/null\nif [ $? != 0 ] ; then\n    # print error to STDERR\n    echo \"error: The sandbox is not in sync with the Podfile.lock. Run 'pod install' or update your CocoaPods installation.\" >&2\n    exit 1\nfi\n# This output is used by Xcode 'outputs' to avoid re-running this script phase.\necho \"SUCCESS\" > \"${SCRIPT_OUTPUT_FILE_0}\"\n";
			showEnvVarsInLog = 0;
		};
		CAE338998F109516FE71ACDF /* [CP] Embed Pods Frameworks */ = {
			isa = PBXShellScriptBuildPhase;
			buildActionMask = 2147483647;
			files = (
			);
			inputFileListPaths = (
				"${PODS_ROOT}/Target Support Files/Pods-Tumblr API/Pods-Tumblr API-frameworks-${CONFIGURATION}-input-files.xcfilelist",
			);
			name = "[CP] Embed Pods Frameworks";
			outputFileListPaths = (
				"${PODS_ROOT}/Target Support Files/Pods-Tumblr API/Pods-Tumblr API-frameworks-${CONFIGURATION}-output-files.xcfilelist",
			);
			runOnlyForDeploymentPostprocessing = 0;
			shellPath = /bin/sh;
			shellScript = "\"${PODS_ROOT}/Target Support Files/Pods-Tumblr API/Pods-Tumblr API-frameworks.sh\"\n";
			showEnvVarsInLog = 0;
		};
/* End PBXShellScriptBuildPhase section */

/* Begin PBXSourcesBuildPhase section */
		271B8F4523F76F51005F1F32 /* Sources */ = {
			isa = PBXSourcesBuildPhase;
			buildActionMask = 2147483647;
			files = (
				271B8F4D23F76F51005F1F32 /* AppDelegate.swift in Sources */,
				271B8F7B23F77CB8005F1F32 /* PhotosViewController.swift in Sources */,
				271B8F7D23F78220005F1F32 /* PhotoTableViewCell.swift in Sources */,
			);
			runOnlyForDeploymentPostprocessing = 0;
		};
		271B8F5923F76F53005F1F32 /* Sources */ = {
			isa = PBXSourcesBuildPhase;
			buildActionMask = 2147483647;
			files = (
				271B8F6223F76F53005F1F32 /* Tumblr_APITests.swift in Sources */,
			);
			runOnlyForDeploymentPostprocessing = 0;
		};
		271B8F6423F76F53005F1F32 /* Sources */ = {
			isa = PBXSourcesBuildPhase;
			buildActionMask = 2147483647;
			files = (
				271B8F6D23F76F53005F1F32 /* Tumblr_APIUITests.swift in Sources */,
			);
			runOnlyForDeploymentPostprocessing = 0;
		};
/* End PBXSourcesBuildPhase section */

/* Begin PBXTargetDependency section */
		271B8F5F23F76F53005F1F32 /* PBXTargetDependency */ = {
			isa = PBXTargetDependency;
			target = 271B8F4823F76F51005F1F32 /* Tumblr API */;
			targetProxy = 271B8F5E23F76F53005F1F32 /* PBXContainerItemProxy */;
		};
		271B8F6A23F76F53005F1F32 /* PBXTargetDependency */ = {
			isa = PBXTargetDependency;
			target = 271B8F4823F76F51005F1F32 /* Tumblr API */;
			targetProxy = 271B8F6923F76F53005F1F32 /* PBXContainerItemProxy */;
		};
/* End PBXTargetDependency section */

/* Begin PBXVariantGroup section */
		271B8F5023F76F51005F1F32 /* Main.storyboard */ = {
			isa = PBXVariantGroup;
			children = (
				271B8F5123F76F51005F1F32 /* Base */,
			);
			name = Main.storyboard;
			sourceTree = "<group>";
		};
		271B8F5523F76F53005F1F32 /* LaunchScreen.storyboard */ = {
			isa = PBXVariantGroup;
			children = (
				271B8F5623F76F53005F1F32 /* Base */,
			);
			name = LaunchScreen.storyboard;
			sourceTree = "<group>";
		};
/* End PBXVariantGroup section */

/* Begin XCBuildConfiguration section */
		271B8F6F23F76F53005F1F32 /* Debug */ = {
			isa = XCBuildConfiguration;
			buildSettings = {
				ALWAYS_SEARCH_USER_PATHS = NO;
				CLANG_ANALYZER_NONNULL = YES;
				CLANG_ANALYZER_NUMBER_OBJECT_CONVERSION = YES_AGGRESSIVE;
				CLANG_CXX_LANGUAGE_STANDARD = "gnu++14";
				CLANG_CXX_LIBRARY = "libc++";
				CLANG_ENABLE_MODULES = YES;
				CLANG_ENABLE_OBJC_ARC = YES;
				CLANG_ENABLE_OBJC_WEAK = YES;
				CLANG_WARN_BLOCK_CAPTURE_AUTORELEASING = YES;
				CLANG_WARN_BOOL_CONVERSION = YES;
				CLANG_WARN_COMMA = YES;
				CLANG_WARN_CONSTANT_CONVERSION = YES;
				CLANG_WARN_DEPRECATED_OBJC_IMPLEMENTATIONS = YES;
				CLANG_WARN_DIRECT_OBJC_ISA_USAGE = YES_ERROR;
				CLANG_WARN_DOCUMENTATION_COMMENTS = YES;
				CLANG_WARN_EMPTY_BODY = YES;
				CLANG_WARN_ENUM_CONVERSION = YES;
				CLANG_WARN_INFINITE_RECURSION = YES;
				CLANG_WARN_INT_CONVERSION = YES;
				CLANG_WARN_NON_LITERAL_NULL_CONVERSION = YES;
				CLANG_WARN_OBJC_IMPLICIT_RETAIN_SELF = YES;
				CLANG_WARN_OBJC_LITERAL_CONVERSION = YES;
				CLANG_WARN_OBJC_ROOT_CLASS = YES_ERROR;
				CLANG_WARN_RANGE_LOOP_ANALYSIS = YES;
				CLANG_WARN_STRICT_PROTOTYPES = YES;
				CLANG_WARN_SUSPICIOUS_MOVE = YES;
				CLANG_WARN_UNGUARDED_AVAILABILITY = YES_AGGRESSIVE;
				CLANG_WARN_UNREACHABLE_CODE = YES;
				CLANG_WARN__DUPLICATE_METHOD_MATCH = YES;
				CODE_SIGN_IDENTITY = "iPhone Developer";
				COPY_PHASE_STRIP = NO;
				DEBUG_INFORMATION_FORMAT = dwarf;
				ENABLE_STRICT_OBJC_MSGSEND = YES;
				ENABLE_TESTABILITY = YES;
				GCC_C_LANGUAGE_STANDARD = gnu11;
				GCC_DYNAMIC_NO_PIC = NO;
				GCC_NO_COMMON_BLOCKS = YES;
				GCC_OPTIMIZATION_LEVEL = 0;
				GCC_PREPROCESSOR_DEFINITIONS = (
					"DEBUG=1",
					"$(inherited)",
				);
				GCC_WARN_64_TO_32_BIT_CONVERSION = YES;
				GCC_WARN_ABOUT_RETURN_TYPE = YES_ERROR;
				GCC_WARN_UNDECLARED_SELECTOR = YES;
				GCC_WARN_UNINITIALIZED_AUTOS = YES_AGGRESSIVE;
				GCC_WARN_UNUSED_FUNCTION = YES;
				GCC_WARN_UNUSED_VARIABLE = YES;
				IPHONEOS_DEPLOYMENT_TARGET = 12.2;
				MTL_ENABLE_DEBUG_INFO = INCLUDE_SOURCE;
				MTL_FAST_MATH = YES;
				ONLY_ACTIVE_ARCH = YES;
				SDKROOT = iphoneos;
				SWIFT_ACTIVE_COMPILATION_CONDITIONS = DEBUG;
				SWIFT_OPTIMIZATION_LEVEL = "-Onone";
			};
			name = Debug;
		};
		271B8F7023F76F53005F1F32 /* Release */ = {
			isa = XCBuildConfiguration;
			buildSettings = {
				ALWAYS_SEARCH_USER_PATHS = NO;
				CLANG_ANALYZER_NONNULL = YES;
				CLANG_ANALYZER_NUMBER_OBJECT_CONVERSION = YES_AGGRESSIVE;
				CLANG_CXX_LANGUAGE_STANDARD = "gnu++14";
				CLANG_CXX_LIBRARY = "libc++";
				CLANG_ENABLE_MODULES = YES;
				CLANG_ENABLE_OBJC_ARC = YES;
				CLANG_ENABLE_OBJC_WEAK = YES;
				CLANG_WARN_BLOCK_CAPTURE_AUTORELEASING = YES;
				CLANG_WARN_BOOL_CONVERSION = YES;
				CLANG_WARN_COMMA = YES;
				CLANG_WARN_CONSTANT_CONVERSION = YES;
				CLANG_WARN_DEPRECATED_OBJC_IMPLEMENTATIONS = YES;
				CLANG_WARN_DIRECT_OBJC_ISA_USAGE = YES_ERROR;
				CLANG_WARN_DOCUMENTATION_COMMENTS = YES;
				CLANG_WARN_EMPTY_BODY = YES;
				CLANG_WARN_ENUM_CONVERSION = YES;
				CLANG_WARN_INFINITE_RECURSION = YES;
				CLANG_WARN_INT_CONVERSION = YES;
				CLANG_WARN_NON_LITERAL_NULL_CONVERSION = YES;
				CLANG_WARN_OBJC_IMPLICIT_RETAIN_SELF = YES;
				CLANG_WARN_OBJC_LITERAL_CONVERSION = YES;
				CLANG_WARN_OBJC_ROOT_CLASS = YES_ERROR;
				CLANG_WARN_RANGE_LOOP_ANALYSIS = YES;
				CLANG_WARN_STRICT_PROTOTYPES = YES;
				CLANG_WARN_SUSPICIOUS_MOVE = YES;
				CLANG_WARN_UNGUARDED_AVAILABILITY = YES_AGGRESSIVE;
				CLANG_WARN_UNREACHABLE_CODE = YES;
				CLANG_WARN__DUPLICATE_METHOD_MATCH = YES;
				CODE_SIGN_IDENTITY = "iPhone Developer";
				COPY_PHASE_STRIP = NO;
				DEBUG_INFORMATION_FORMAT = "dwarf-with-dsym";
				ENABLE_NS_ASSERTIONS = NO;
				ENABLE_STRICT_OBJC_MSGSEND = YES;
				GCC_C_LANGUAGE_STANDARD = gnu11;
				GCC_NO_COMMON_BLOCKS = YES;
				GCC_WARN_64_TO_32_BIT_CONVERSION = YES;
				GCC_WARN_ABOUT_RETURN_TYPE = YES_ERROR;
				GCC_WARN_UNDECLARED_SELECTOR = YES;
				GCC_WARN_UNINITIALIZED_AUTOS = YES_AGGRESSIVE;
				GCC_WARN_UNUSED_FUNCTION = YES;
				GCC_WARN_UNUSED_VARIABLE = YES;
				IPHONEOS_DEPLOYMENT_TARGET = 12.2;
				MTL_ENABLE_DEBUG_INFO = NO;
				MTL_FAST_MATH = YES;
				SDKROOT = iphoneos;
				SWIFT_COMPILATION_MODE = wholemodule;
				SWIFT_OPTIMIZATION_LEVEL = "-O";
				VALIDATE_PRODUCT = YES;
			};
			name = Release;
		};
		271B8F7223F76F53005F1F32 /* Debug */ = {
			isa = XCBuildConfiguration;
			baseConfigurationReference = 9D178AC6E9BA9CBEE50B06A5 /* Pods-Tumblr API.debug.xcconfig */;
			buildSettings = {
				ASSETCATALOG_COMPILER_APPICON_NAME = AppIcon;
				CODE_SIGN_STYLE = Automatic;
				DEVELOPMENT_TEAM = FYYQ8KVHFM;
				INFOPLIST_FILE = "Tumblr API/Info.plist";
				LD_RUNPATH_SEARCH_PATHS = (
					"$(inherited)",
					"@executable_path/Frameworks",
				);
				PRODUCT_BUNDLE_IDENTIFIER = "Burns.Tumblr-API";
				PRODUCT_NAME = "$(TARGET_NAME)";
				SWIFT_VERSION = 5.0;
				TARGETED_DEVICE_FAMILY = "1,2";
			};
			name = Debug;
		};
		271B8F7323F76F53005F1F32 /* Release */ = {
			isa = XCBuildConfiguration;
			baseConfigurationReference = 2E826CE7FE6BDEED24586A56 /* Pods-Tumblr API.release.xcconfig */;
			buildSettings = {
				ASSETCATALOG_COMPILER_APPICON_NAME = AppIcon;
				CODE_SIGN_STYLE = Automatic;
				DEVELOPMENT_TEAM = FYYQ8KVHFM;
				INFOPLIST_FILE = "Tumblr API/Info.plist";
				LD_RUNPATH_SEARCH_PATHS = (
					"$(inherited)",
					"@executable_path/Frameworks",
				);
				PRODUCT_BUNDLE_IDENTIFIER = "Burns.Tumblr-API";
				PRODUCT_NAME = "$(TARGET_NAME)";
				SWIFT_VERSION = 5.0;
				TARGETED_DEVICE_FAMILY = "1,2";
			};
			name = Release;
		};
		271B8F7523F76F53005F1F32 /* Debug */ = {
			isa = XCBuildConfiguration;
			baseConfigurationReference = 9EF5D5E9E1CE94D0824243F5 /* Pods-Tumblr APITests.debug.xcconfig */;
			buildSettings = {
				ALWAYS_EMBED_SWIFT_STANDARD_LIBRARIES = YES;
				BUNDLE_LOADER = "$(TEST_HOST)";
				CODE_SIGN_STYLE = Automatic;
				DEVELOPMENT_TEAM = FYYQ8KVHFM;
				INFOPLIST_FILE = "Tumblr APITests/Info.plist";
				LD_RUNPATH_SEARCH_PATHS = (
					"$(inherited)",
					"@executable_path/Frameworks",
					"@loader_path/Frameworks",
				);
				PRODUCT_BUNDLE_IDENTIFIER = "Burns.Tumblr-APITests";
				PRODUCT_NAME = "$(TARGET_NAME)";
				SWIFT_VERSION = 5.0;
				TARGETED_DEVICE_FAMILY = "1,2";
				TEST_HOST = "$(BUILT_PRODUCTS_DIR)/Tumblr API.app/Tumblr API";
			};
			name = Debug;
		};
		271B8F7623F76F53005F1F32 /* Release */ = {
			isa = XCBuildConfiguration;
			baseConfigurationReference = 16EEF0F901E530EB8DD49E74 /* Pods-Tumblr APITests.release.xcconfig */;
			buildSettings = {
				ALWAYS_EMBED_SWIFT_STANDARD_LIBRARIES = YES;
				BUNDLE_LOADER = "$(TEST_HOST)";
				CODE_SIGN_STYLE = Automatic;
				DEVELOPMENT_TEAM = FYYQ8KVHFM;
				INFOPLIST_FILE = "Tumblr APITests/Info.plist";
				LD_RUNPATH_SEARCH_PATHS = (
					"$(inherited)",
					"@executable_path/Frameworks",
					"@loader_path/Frameworks",
				);
				PRODUCT_BUNDLE_IDENTIFIER = "Burns.Tumblr-APITests";
				PRODUCT_NAME = "$(TARGET_NAME)";
				SWIFT_VERSION = 5.0;
				TARGETED_DEVICE_FAMILY = "1,2";
				TEST_HOST = "$(BUILT_PRODUCTS_DIR)/Tumblr API.app/Tumblr API";
			};
			name = Release;
		};
		271B8F7823F76F53005F1F32 /* Debug */ = {
			isa = XCBuildConfiguration;
			baseConfigurationReference = 47832F4AA0BECEF902E48219 /* Pods-Tumblr API-Tumblr APIUITests.debug.xcconfig */;
			buildSettings = {
				ALWAYS_EMBED_SWIFT_STANDARD_LIBRARIES = YES;
				CODE_SIGN_STYLE = Automatic;
				DEVELOPMENT_TEAM = FYYQ8KVHFM;
				INFOPLIST_FILE = "Tumblr APIUITests/Info.plist";
				LD_RUNPATH_SEARCH_PATHS = (
					"$(inherited)",
					"@executable_path/Frameworks",
					"@loader_path/Frameworks",
				);
				PRODUCT_BUNDLE_IDENTIFIER = "Burns.Tumblr-APIUITests";
				PRODUCT_NAME = "$(TARGET_NAME)";
				SWIFT_VERSION = 5.0;
				TARGETED_DEVICE_FAMILY = "1,2";
				TEST_TARGET_NAME = "Tumblr API";
			};
			name = Debug;
		};
		271B8F7923F76F53005F1F32 /* Release */ = {
			isa = XCBuildConfiguration;
			baseConfigurationReference = AFAE39701493071ACD0F59BB /* Pods-Tumblr API-Tumblr APIUITests.release.xcconfig */;
			buildSettings = {
				ALWAYS_EMBED_SWIFT_STANDARD_LIBRARIES = YES;
				CODE_SIGN_STYLE = Automatic;
				DEVELOPMENT_TEAM = FYYQ8KVHFM;
				INFOPLIST_FILE = "Tumblr APIUITests/Info.plist";
				LD_RUNPATH_SEARCH_PATHS = (
					"$(inherited)",
					"@executable_path/Frameworks",
					"@loader_path/Frameworks",
				);
				PRODUCT_BUNDLE_IDENTIFIER = "Burns.Tumblr-APIUITests";
				PRODUCT_NAME = "$(TARGET_NAME)";
				SWIFT_VERSION = 5.0;
				TARGETED_DEVICE_FAMILY = "1,2";
				TEST_TARGET_NAME = "Tumblr API";
			};
			name = Release;
		};
/* End XCBuildConfiguration section */

/* Begin XCConfigurationList section */
		271B8F4423F76F51005F1F32 /* Build configuration list for PBXProject "Tumblr API" */ = {
			isa = XCConfigurationList;
			buildConfigurations = (
				271B8F6F23F76F53005F1F32 /* Debug */,
				271B8F7023F76F53005F1F32 /* Release */,
			);
			defaultConfigurationIsVisible = 0;
			defaultConfigurationName = Release;
		};
		271B8F7123F76F53005F1F32 /* Build configuration list for PBXNativeTarget "Tumblr API" */ = {
			isa = XCConfigurationList;
			buildConfigurations = (
				271B8F7223F76F53005F1F32 /* Debug */,
				271B8F7323F76F53005F1F32 /* Release */,
			);
			defaultConfigurationIsVisible = 0;
			defaultConfigurationName = Release;
		};
		271B8F7423F76F53005F1F32 /* Build configuration list for PBXNativeTarget "Tumblr APITests" */ = {
			isa = XCConfigurationList;
			buildConfigurations = (
				271B8F7523F76F53005F1F32 /* Debug */,
				271B8F7623F76F53005F1F32 /* Release */,
			);
			defaultConfigurationIsVisible = 0;
			defaultConfigurationName = Release;
		};
		271B8F7723F76F53005F1F32 /* Build configuration list for PBXNativeTarget "Tumblr APIUITests" */ = {
			isa = XCConfigurationList;
			buildConfigurations = (
				271B8F7823F76F53005F1F32 /* Debug */,
				271B8F7923F76F53005F1F32 /* Release */,
			);
			defaultConfigurationIsVisible = 0;
			defaultConfigurationName = Release;
		};
/* End XCConfigurationList section */
	};
	rootObject = 271B8F4123F76F51005F1F32 /* Project object */;
}
